schema: '2.0'
stages:
  load_data:
    cmd: python -m src.data_loading.load_data
    deps:
    - path: src/data_loading/load_data.py
      hash: md5
      md5: 2e31d5c3408354d476ff3576391954fc
      size: 1477
    outs:
    - path: data/raw/raw.csv
      hash: md5
      md5: ae2bd4af59163d335da3ced9bb988fd5
      size: 116187
  preprocess_data:
    cmd: python -m src.data_preprocessing.preprocess_data
    deps:
    - path: data/raw/raw.csv
      hash: md5
      md5: ae2bd4af59163d335da3ced9bb988fd5
      size: 116187
    - path: src/data_preprocessing/preprocess_data.py
      hash: md5
      md5: 727f22f9650a9dfb2b1a217912d46034
      size: 3993
    params:
      params.yaml:
        preprocess_data.random_seed: 42
        preprocess_data.test_size: 0.2
    outs:
    - path: artifacts/[features]_mean_imputer.joblib
      hash: md5
      md5: f7caeada01bc99865e273c516507a037
      size: 1511
    - path: data/preprocessed/test_preprocessed.csv
      hash: md5
      md5: 9530d7b4bc78910188d41e40eeebf788
      size: 26904
    - path: data/preprocessed/train_preprocessed.csv
      hash: md5
      md5: 3af160e095698c840e7c916c7db31cad
      size: 105688
  engineer_features:
    cmd: python -m src.feature_engineering.engineer_features
    deps:
    - path: data/preprocessed/test_preprocessed.csv
      hash: md5
      md5: 9530d7b4bc78910188d41e40eeebf788
      size: 26904
    - path: data/preprocessed/train_preprocessed.csv
      hash: md5
      md5: 3af160e095698c840e7c916c7db31cad
      size: 105688
    - path: src/feature_engineering/engineer_features.py
      hash: md5
      md5: f8446b81a185b5c5d4b06fd60a3b9b9f
      size: 3052
    outs:
    - path: artifacts/[features]_scaler.joblib
      hash: md5
      md5: b6aba31e36fb66a0195dd909f8fb2c66
      size: 2135
    - path: data/processed/test_processed.csv
      hash: md5
      md5: 7578bab2dec935ab24d3de63be365cb9
      size: 68009
    - path: data/processed/train_processed.csv
      hash: md5
      md5: 129e4ff0f8f16c0c10d397ba4c1101c2
      size: 270245
  train:
    cmd: python -m src.model_training.train_model
    deps:
    - path: data/processed/train_processed.csv
      hash: md5
      md5: 129e4ff0f8f16c0c10d397ba4c1101c2
      size: 270245
    - path: src/model_training/train_model.py
      hash: md5
      md5: 213946a23e01ac9b8327fe227b8bcc60
      size: 6825
    params:
      params.yaml:
        train.batch_size: 16
        train.dropout_rate: 0.25
        train.epochs: 100
        train.hidden_layer_1_neurons: 64
        train.hidden_layer_2_neurons: 32
        train.learning_rate: 0.001
    outs:
    - path: artifacts/[target]_one_hot_encoder.joblib
      hash: md5
      md5: 9c68e41a114fdb0985121e8d89f055bc
      size: 617
    - path: metrics/training.json
      hash: md5
      md5: 2f23a47cbfc8ef4c9d5eb88979ed9427
      size: 140
    - path: models/model.keras
      hash: md5
      md5: 65ed5ed84a6e7e2cbb6358e7e19457b3
      size: 79419
  evaluate:
    cmd: python -m src.model_evaluation.evaluate_model
    deps:
    - path: artifacts/[target]_one_hot_encoder.joblib
      hash: md5
      md5: 9c68e41a114fdb0985121e8d89f055bc
      size: 617
    - path: data/processed/test_processed.csv
      hash: md5
      md5: 7578bab2dec935ab24d3de63be365cb9
      size: 68009
    - path: models/model.keras
      hash: md5
      md5: 65ed5ed84a6e7e2cbb6358e7e19457b3
      size: 79419
    - path: src/model_evaluation/evaluate_model.py
      hash: md5
      md5: db8d5164e445d87c388abfee95b16bd0
      size: 3289
    outs:
    - path: metrics/evaluation.json
      hash: md5
      md5: ca3165017026306b1d6073a06e1d9242
      size: 764
