schema: '2.0'
stages:
  load_data:
    cmd: python -m src.data_loading.load_data
    deps:
    - path: src/data_loading/load_data.py
      hash: md5
      md5: 2e31d5c3408354d476ff3576391954fc
      size: 1477
    outs:
    - path: data/raw/raw.csv
      hash: md5
      md5: 403fb6768a3b528bee3294020fd052e2
      size: 116187
  preprocess_data:
    cmd: python -m src.data_preprocessing.preprocess_data
    deps:
    - path: data/raw/raw.csv
      hash: md5
      md5: 403fb6768a3b528bee3294020fd052e2
      size: 116187
    - path: src/data_preprocessing/preprocess_data.py
      hash: md5
      md5: 727f22f9650a9dfb2b1a217912d46034
      size: 3993
    params:
      params.yaml:
        preprocess_data.random_seed: 42
        preprocess_data.test_size: 0.2
    outs:
    - path: artifacts/[features]_mean_imputer.joblib
      hash: md5
      md5: 52c8591809e716b45214af9a773f08ef
      size: 1511
    - path: data/preprocessed/test_preprocessed.csv
      hash: md5
      md5: 3bf18f6f2d2d23a51f77a22c4dcf6163
      size: 26847
    - path: data/preprocessed/train_preprocessed.csv
      hash: md5
      md5: a1aef91610864347be0a8e6afb4f629e
      size: 105760
  engineer_features:
    cmd: python -m src.feature_engineering.engineer_features
    deps:
    - path: data/preprocessed/test_preprocessed.csv
      hash: md5
      md5: 3bf18f6f2d2d23a51f77a22c4dcf6163
      size: 26847
    - path: data/preprocessed/train_preprocessed.csv
      hash: md5
      md5: a1aef91610864347be0a8e6afb4f629e
      size: 105760
    - path: src/feature_engineering/engineer_features.py
      hash: md5
      md5: f8446b81a185b5c5d4b06fd60a3b9b9f
      size: 3052
    outs:
    - path: artifacts/[features]_scaler.joblib
      hash: md5
      md5: 0ebe084ba0215460018c954ef3ee93ff
      size: 2135
    - path: data/processed/test_processed.csv
      hash: md5
      md5: 7ead2f271549520f13fa3c13cad882a9
      size: 67588
    - path: data/processed/train_processed.csv
      hash: md5
      md5: 1cede6917eff3ca5863afc67285fcd4b
      size: 267330
  train:
    cmd: python -m src.model_training.train_model
    deps:
    - path: data/processed/train_processed.csv
      hash: md5
      md5: 1cede6917eff3ca5863afc67285fcd4b
      size: 267330
    - path: src/model_training/train_model.py
      hash: md5
      md5: 213946a23e01ac9b8327fe227b8bcc60
      size: 6825
    params:
      params.yaml:
        train.batch_size: 16
        train.dropout_rate: 0.25
        train.epochs: 100
        train.hidden_layer_1_neurons: 64
        train.hidden_layer_2_neurons: 32
        train.learning_rate: 0.001
    outs:
    - path: artifacts/[target]_one_hot_encoder.joblib
      hash: md5
      md5: 9c68e41a114fdb0985121e8d89f055bc
      size: 617
    - path: metrics/training.json
      hash: md5
      md5: 42cf24528770aaef5f2f1b24d2bf380e
      size: 142
    - path: models/model.keras
      hash: md5
      md5: eb0c0a4bfa4f45ea496b99bee1ec17e1
      size: 79419
  evaluate:
    cmd: python -m src.model_evaluation.evaluate_model
    deps:
    - path: artifacts/[target]_one_hot_encoder.joblib
      hash: md5
      md5: 9c68e41a114fdb0985121e8d89f055bc
      size: 617
    - path: data/processed/test_processed.csv
      hash: md5
      md5: 7ead2f271549520f13fa3c13cad882a9
      size: 67588
    - path: models/model.keras
      hash: md5
      md5: eb0c0a4bfa4f45ea496b99bee1ec17e1
      size: 79419
    - path: src/model_evaluation/evaluate_model.py
      hash: md5
      md5: db8d5164e445d87c388abfee95b16bd0
      size: 3289
    outs:
    - path: metrics/evaluation.json
      hash: md5
      md5: 663216885a6810c339f6d54286248dc5
      size: 790
